// !$*UTF8*$!
{
	archiveVersion = 1;
	classes = {
	};
	objectVersion = 46;
	objects = {

/* Begin PBXBuildFile section */
		8843A4CC1A885EBA0036C241 /* main.m in Sources */ = {isa = PBXBuildFile; fileRef = 8843A4CB1A885EBA0036C241 /* main.m */; };
		8843A4CF1A885EBA0036C241 /* AppDelegate.m in Sources */ = {isa = PBXBuildFile; fileRef = 8843A4CE1A885EBA0036C241 /* AppDelegate.m */; };
		8843A4D21A885EBA0036C241 /* ViewController.m in Sources */ = {isa = PBXBuildFile; fileRef = 8843A4D11A885EBA0036C241 /* ViewController.m */; };
		8843A4D51A885EBA0036C241 /* Main.storyboard in Resources */ = {isa = PBXBuildFile; fileRef = 8843A4D31A885EBA0036C241 /* Main.storyboard */; };
		8843A4D71A885EBA0036C241 /* Images.xcassets in Resources */ = {isa = PBXBuildFile; fileRef = 8843A4D61A885EBA0036C241 /* Images.xcassets */; };
		8843A4DA1A885EBA0036C241 /* LaunchScreen.xib in Resources */ = {isa = PBXBuildFile; fileRef = 8843A4D81A885EBA0036C241 /* LaunchScreen.xib */; };
		8843A4E61A885EBA0036C241 /* PlaceSearchTests.m in Sources */ = {isa = PBXBuildFile; fileRef = 8843A4E51A885EBA0036C241 /* PlaceSearchTests.m */; };
		8843A5031A8888310036C241 /* PlaceListViewController.m in Sources */ = {isa = PBXBuildFile; fileRef = 8843A5021A8888310036C241 /* PlaceListViewController.m */; };
		8843A5371A888BA60036C241 /* PlaceListView.xib in Resources */ = {isa = PBXBuildFile; fileRef = 8843A5361A888BA60036C241 /* PlaceListView.xib */; };
		885B5AAB1A89E9B6007FAC48 /* GoogleMaps.framework in Frameworks */ = {isa = PBXBuildFile; fileRef = 885B5AAA1A89E9B6007FAC48 /* GoogleMaps.framework */; };
		885B5AAD1A89EA19007FAC48 /* GoogleMaps.bundle in Resources */ = {isa = PBXBuildFile; fileRef = 885B5AAC1A89EA19007FAC48 /* GoogleMaps.bundle */; };
		885B5AAF1A89EA67007FAC48 /* AVFoundation.framework in Frameworks */ = {isa = PBXBuildFile; fileRef = 885B5AAE1A89EA67007FAC48 /* AVFoundation.framework */; };
		885B5AB11A89EA71007FAC48 /* CoreData.framework in Frameworks */ = {isa = PBXBuildFile; fileRef = 885B5AB01A89EA71007FAC48 /* CoreData.framework */; };
		885B5AB31A89EA79007FAC48 /* CoreLocation.framework in Frameworks */ = {isa = PBXBuildFile; fileRef = 885B5AB21A89EA79007FAC48 /* CoreLocation.framework */; };
		885B5AB51A89EA80007FAC48 /* GLKit.framework in Frameworks */ = {isa = PBXBuildFile; fileRef = 885B5AB41A89EA80007FAC48 /* GLKit.framework */; };
		885B5AB71A89EA87007FAC48 /* ImageIO.framework in Frameworks */ = {isa = PBXBuildFile; fileRef = 885B5AB61A89EA87007FAC48 /* ImageIO.framework */; };
		885B5AB91A89EA9A007FAC48 /* libc++.dylib in Frameworks */ = {isa = PBXBuildFile; fileRef = 885B5AB81A89EA9A007FAC48 /* libc++.dylib */; };
		885B5ABB1A89EAA4007FAC48 /* libicucore.dylib in Frameworks */ = {isa = PBXBuildFile; fileRef = 885B5ABA1A89EAA4007FAC48 /* libicucore.dylib */; };
		885B5ABD1A89EAAD007FAC48 /* libz.dylib in Frameworks */ = {isa = PBXBuildFile; fileRef = 885B5ABC1A89EAAD007FAC48 /* libz.dylib */; };
		885B5ABF1A89EAB4007FAC48 /* OpenGLES.framework in Frameworks */ = {isa = PBXBuildFile; fileRef = 885B5ABE1A89EAB4007FAC48 /* OpenGLES.framework */; };
		885B5AC11A89EABD007FAC48 /* QuartzCore.framework in Frameworks */ = {isa = PBXBuildFile; fileRef = 885B5AC01A89EABD007FAC48 /* QuartzCore.framework */; };
		885B5AC31A89EAC5007FAC48 /* SystemConfiguration.framework in Frameworks */ = {isa = PBXBuildFile; fileRef = 885B5AC21A89EAC5007FAC48 /* SystemConfiguration.framework */; };
		885B5AC71A89EFF3007FAC48 /* keys.plist in Resources */ = {isa = PBXBuildFile; fileRef = 885B5AC61A89EFF3007FAC48 /* keys.plist */; };
		885B5ACE1A89FF2C007FAC48 /* CoreText.framework in Frameworks */ = {isa = PBXBuildFile; fileRef = 885B5ACD1A89FF2C007FAC48 /* CoreText.framework */; };
		885B5AD41A8A0024007FAC48 /* MapDisplayViewController.m in Sources */ = {isa = PBXBuildFile; fileRef = 885B5AD31A8A0024007FAC48 /* MapDisplayViewController.m */; };
		E29529CEDE34E8DFCAC0A295 /* libPods.a in Frameworks */ = {isa = PBXBuildFile; fileRef = 4156C6D7469BB806CD668852 /* libPods.a */; };
/* End PBXBuildFile section */

/* Begin PBXContainerItemProxy section */
		8843A4E01A885EBA0036C241 /* PBXContainerItemProxy */ = {
			isa = PBXContainerItemProxy;
			containerPortal = 8843A4BE1A885EBA0036C241 /* Project object */;
			proxyType = 1;
			remoteGlobalIDString = 8843A4C51A885EBA0036C241;
			remoteInfo = PlaceSearch;
		};
/* End PBXContainerItemProxy section */

/* Begin PBXFileReference section */
		3580C3BFC5486E4F3FE7F040 /* Pods.release.xcconfig */ = {isa = PBXFileReference; includeInIndex = 1; lastKnownFileType = text.xcconfig; name = Pods.release.xcconfig; path = "Pods/Target Support Files/Pods/Pods.release.xcconfig"; sourceTree = "<group>"; };
		4156C6D7469BB806CD668852 /* libPods.a */ = {isa = PBXFileReference; explicitFileType = archive.ar; includeInIndex = 0; path = libPods.a; sourceTree = BUILT_PRODUCTS_DIR; };
		6A6E58D9186C661282CF8E76 /* Pods.debug.xcconfig */ = {isa = PBXFileReference; includeInIndex = 1; lastKnownFileType = text.xcconfig; name = Pods.debug.xcconfig; path = "Pods/Target Support Files/Pods/Pods.debug.xcconfig"; sourceTree = "<group>"; };
		8843A4C61A885EBA0036C241 /* PlaceSearch.app */ = {isa = PBXFileReference; explicitFileType = wrapper.application; includeInIndex = 0; path = PlaceSearch.app; sourceTree = BUILT_PRODUCTS_DIR; };
		8843A4CA1A885EBA0036C241 /* Info.plist */ = {isa = PBXFileReference; lastKnownFileType = text.plist.xml; path = Info.plist; sourceTree = "<group>"; };
		8843A4CB1A885EBA0036C241 /* main.m */ = {isa = PBXFileReference; lastKnownFileType = sourcecode.c.objc; path = main.m; sourceTree = "<group>"; };
		8843A4CD1A885EBA0036C241 /* AppDelegate.h */ = {isa = PBXFileReference; lastKnownFileType = sourcecode.c.h; path = AppDelegate.h; sourceTree = "<group>"; };
		8843A4CE1A885EBA0036C241 /* AppDelegate.m */ = {isa = PBXFileReference; lastKnownFileType = sourcecode.c.objc; path = AppDelegate.m; sourceTree = "<group>"; };
		8843A4D01A885EBA0036C241 /* ViewController.h */ = {isa = PBXFileReference; lastKnownFileType = sourcecode.c.h; path = ViewController.h; sourceTree = "<group>"; };
		8843A4D11A885EBA0036C241 /* ViewController.m */ = {isa = PBXFileReference; lastKnownFileType = sourcecode.c.objc; path = ViewController.m; sourceTree = "<group>"; };
		8843A4D41A885EBA0036C241 /* Base */ = {isa = PBXFileReference; lastKnownFileType = file.storyboard; name = Base; path = Base.lproj/Main.storyboard; sourceTree = "<group>"; };
		8843A4D61A885EBA0036C241 /* Images.xcassets */ = {isa = PBXFileReference; lastKnownFileType = folder.assetcatalog; path = Images.xcassets; sourceTree = "<group>"; };
		8843A4D91A885EBA0036C241 /* Base */ = {isa = PBXFileReference; lastKnownFileType = file.xib; name = Base; path = Base.lproj/LaunchScreen.xib; sourceTree = "<group>"; };
		8843A4DF1A885EBA0036C241 /* PlaceSearchTests.xctest */ = {isa = PBXFileReference; explicitFileType = wrapper.cfbundle; includeInIndex = 0; path = PlaceSearchTests.xctest; sourceTree = BUILT_PRODUCTS_DIR; };
		8843A4E41A885EBA0036C241 /* Info.plist */ = {isa = PBXFileReference; lastKnownFileType = text.plist.xml; path = Info.plist; sourceTree = "<group>"; };
		8843A4E51A885EBA0036C241 /* PlaceSearchTests.m */ = {isa = PBXFileReference; lastKnownFileType = sourcecode.c.objc; path = PlaceSearchTests.m; sourceTree = "<group>"; };
		8843A5011A8888310036C241 /* PlaceListViewController.h */ = {isa = PBXFileReference; fileEncoding = 4; lastKnownFileType = sourcecode.c.h; name = PlaceListViewController.h; path = Controllers/PlaceListViewController.h; sourceTree = "<group>"; };
		8843A5021A8888310036C241 /* PlaceListViewController.m */ = {isa = PBXFileReference; fileEncoding = 4; lastKnownFileType = sourcecode.c.objc; name = PlaceListViewController.m; path = Controllers/PlaceListViewController.m; sourceTree = "<group>"; };
		8843A5361A888BA60036C241 /* PlaceListView.xib */ = {isa = PBXFileReference; fileEncoding = 4; lastKnownFileType = file.xib; name = PlaceListView.xib; path = Views/PlaceListView.xib; sourceTree = "<group>"; };
		885B5AAA1A89E9B6007FAC48 /* GoogleMaps.framework */ = {isa = PBXFileReference; lastKnownFileType = wrapper.framework; path = GoogleMaps.framework; sourceTree = "<group>"; };
		885B5AAC1A89EA19007FAC48 /* GoogleMaps.bundle */ = {isa = PBXFileReference; lastKnownFileType = "wrapper.plug-in"; name = GoogleMaps.bundle; path = GoogleMaps.framework/Versions/A/Resources/GoogleMaps.bundle; sourceTree = "<group>"; };
		885B5AAE1A89EA67007FAC48 /* AVFoundation.framework */ = {isa = PBXFileReference; lastKnownFileType = wrapper.framework; name = AVFoundation.framework; path = System/Library/Frameworks/AVFoundation.framework; sourceTree = SDKROOT; };
		885B5AB01A89EA71007FAC48 /* CoreData.framework */ = {isa = PBXFileReference; lastKnownFileType = wrapper.framework; name = CoreData.framework; path = System/Library/Frameworks/CoreData.framework; sourceTree = SDKROOT; };
		885B5AB21A89EA79007FAC48 /* CoreLocation.framework */ = {isa = PBXFileReference; lastKnownFileType = wrapper.framework; name = CoreLocation.framework; path = System/Library/Frameworks/CoreLocation.framework; sourceTree = SDKROOT; };
		885B5AB41A89EA80007FAC48 /* GLKit.framework */ = {isa = PBXFileReference; lastKnownFileType = wrapper.framework; name = GLKit.framework; path = System/Library/Frameworks/GLKit.framework; sourceTree = SDKROOT; };
		885B5AB61A89EA87007FAC48 /* ImageIO.framework */ = {isa = PBXFileReference; lastKnownFileType = wrapper.framework; name = ImageIO.framework; path = System/Library/Frameworks/ImageIO.framework; sourceTree = SDKROOT; };
		885B5AB81A89EA9A007FAC48 /* libc++.dylib */ = {isa = PBXFileReference; lastKnownFileType = "compiled.mach-o.dylib"; name = "libc++.dylib"; path = "usr/lib/libc++.dylib"; sourceTree = SDKROOT; };
		885B5ABA1A89EAA4007FAC48 /* libicucore.dylib */ = {isa = PBXFileReference; lastKnownFileType = "compiled.mach-o.dylib"; name = libicucore.dylib; path = usr/lib/libicucore.dylib; sourceTree = SDKROOT; };
		885B5ABC1A89EAAD007FAC48 /* libz.dylib */ = {isa = PBXFileReference; lastKnownFileType = "compiled.mach-o.dylib"; name = libz.dylib; path = usr/lib/libz.dylib; sourceTree = SDKROOT; };
		885B5ABE1A89EAB4007FAC48 /* OpenGLES.framework */ = {isa = PBXFileReference; lastKnownFileType = wrapper.framework; name = OpenGLES.framework; path = System/Library/Frameworks/OpenGLES.framework; sourceTree = SDKROOT; };
		885B5AC01A89EABD007FAC48 /* QuartzCore.framework */ = {isa = PBXFileReference; lastKnownFileType = wrapper.framework; name = QuartzCore.framework; path = System/Library/Frameworks/QuartzCore.framework; sourceTree = SDKROOT; };
		885B5AC21A89EAC5007FAC48 /* SystemConfiguration.framework */ = {isa = PBXFileReference; lastKnownFileType = wrapper.framework; name = SystemConfiguration.framework; path = System/Library/Frameworks/SystemConfiguration.framework; sourceTree = SDKROOT; };
		885B5AC61A89EFF3007FAC48 /* keys.plist */ = {isa = PBXFileReference; fileEncoding = 4; lastKnownFileType = text.plist.xml; path = keys.plist; sourceTree = "<group>"; };
		885B5ACD1A89FF2C007FAC48 /* CoreText.framework */ = {isa = PBXFileReference; lastKnownFileType = wrapper.framework; name = CoreText.framework; path = System/Library/Frameworks/CoreText.framework; sourceTree = SDKROOT; };
		885B5AD21A8A0024007FAC48 /* MapDisplayViewController.h */ = {isa = PBXFileReference; fileEncoding = 4; lastKnownFileType = sourcecode.c.h; name = MapDisplayViewController.h; path = Controllers/MapDisplayViewController.h; sourceTree = "<group>"; };
		885B5AD31A8A0024007FAC48 /* MapDisplayViewController.m */ = {isa = PBXFileReference; fileEncoding = 4; lastKnownFileType = sourcecode.c.objc; name = MapDisplayViewController.m; path = Controllers/MapDisplayViewController.m; sourceTree = "<group>"; };
/* End PBXFileReference section */

/* Begin PBXFrameworksBuildPhase section */
		8843A4C31A885EBA0036C241 /* Frameworks */ = {
			isa = PBXFrameworksBuildPhase;
			buildActionMask = 2147483647;
			files = (
				885B5ACE1A89FF2C007FAC48 /* CoreText.framework in Frameworks */,
				885B5AC31A89EAC5007FAC48 /* SystemConfiguration.framework in Frameworks */,
				885B5AC11A89EABD007FAC48 /* QuartzCore.framework in Frameworks */,
				885B5ABF1A89EAB4007FAC48 /* OpenGLES.framework in Frameworks */,
				885B5ABD1A89EAAD007FAC48 /* libz.dylib in Frameworks */,
				885B5ABB1A89EAA4007FAC48 /* libicucore.dylib in Frameworks */,
				885B5AB91A89EA9A007FAC48 /* libc++.dylib in Frameworks */,
				885B5AB71A89EA87007FAC48 /* ImageIO.framework in Frameworks */,
				885B5AB51A89EA80007FAC48 /* GLKit.framework in Frameworks */,
				885B5AB31A89EA79007FAC48 /* CoreLocation.framework in Frameworks */,
				885B5AB11A89EA71007FAC48 /* CoreData.framework in Frameworks */,
				885B5AAF1A89EA67007FAC48 /* AVFoundation.framework in Frameworks */,
				885B5AAB1A89E9B6007FAC48 /* GoogleMaps.framework in Frameworks */,
				E29529CEDE34E8DFCAC0A295 /* libPods.a in Frameworks */,
			);
			runOnlyForDeploymentPostprocessing = 0;
		};
		8843A4DC1A885EBA0036C241 /* Frameworks */ = {
			isa = PBXFrameworksBuildPhase;
			buildActionMask = 2147483647;
			files = (
			);
			runOnlyForDeploymentPostprocessing = 0;
		};
/* End PBXFrameworksBuildPhase section */

/* Begin PBXGroup section */
		51A99919BC821640AA6E9737 /* Frameworks */ = {
			isa = PBXGroup;
			children = (
				885B5ACD1A89FF2C007FAC48 /* CoreText.framework */,
				885B5AC21A89EAC5007FAC48 /* SystemConfiguration.framework */,
				885B5AC01A89EABD007FAC48 /* QuartzCore.framework */,
				885B5ABE1A89EAB4007FAC48 /* OpenGLES.framework */,
				885B5ABC1A89EAAD007FAC48 /* libz.dylib */,
				885B5ABA1A89EAA4007FAC48 /* libicucore.dylib */,
				885B5AB81A89EA9A007FAC48 /* libc++.dylib */,
				885B5AB61A89EA87007FAC48 /* ImageIO.framework */,
				885B5AB41A89EA80007FAC48 /* GLKit.framework */,
				885B5AB21A89EA79007FAC48 /* CoreLocation.framework */,
				885B5AB01A89EA71007FAC48 /* CoreData.framework */,
				885B5AAE1A89EA67007FAC48 /* AVFoundation.framework */,
				4156C6D7469BB806CD668852 /* libPods.a */,
			);
			name = Frameworks;
			sourceTree = "<group>";
		};
		8843A4BD1A885EBA0036C241 = {
			isa = PBXGroup;
			children = (
				885B5AAC1A89EA19007FAC48 /* GoogleMaps.bundle */,
				885B5AAA1A89E9B6007FAC48 /* GoogleMaps.framework */,
				8843A4C81A885EBA0036C241 /* PlaceSearch */,
				8843A4E21A885EBA0036C241 /* PlaceSearchTests */,
				8843A4C71A885EBA0036C241 /* Products */,
				C895DA189C0DA9A62843DCB6 /* Pods */,
				51A99919BC821640AA6E9737 /* Frameworks */,
			);
			sourceTree = "<group>";
		};
		8843A4C71A885EBA0036C241 /* Products */ = {
			isa = PBXGroup;
			children = (
				8843A4C61A885EBA0036C241 /* PlaceSearch.app */,
				8843A4DF1A885EBA0036C241 /* PlaceSearchTests.xctest */,
			);
			name = Products;
			sourceTree = "<group>";
		};
		8843A4C81A885EBA0036C241 /* PlaceSearch */ = {
			isa = PBXGroup;
			children = (
				8843A4EF1A885FDB0036C241 /* Controllers */,
				8843A4F01A885FE30036C241 /* Views */,
				8843A4D01A885EBA0036C241 /* ViewController.h */,
				8843A4D11A885EBA0036C241 /* ViewController.m */,
				8843A4D31A885EBA0036C241 /* Main.storyboard */,
				8843A4D61A885EBA0036C241 /* Images.xcassets */,
				8843A4D81A885EBA0036C241 /* LaunchScreen.xib */,
				8843A4C91A885EBA0036C241 /* Supporting Files */,
			);
			path = PlaceSearch;
			sourceTree = "<group>";
		};
		8843A4C91A885EBA0036C241 /* Supporting Files */ = {
			isa = PBXGroup;
			children = (
				8843A4CD1A885EBA0036C241 /* AppDelegate.h */,
				8843A4CE1A885EBA0036C241 /* AppDelegate.m */,
				8843A4CA1A885EBA0036C241 /* Info.plist */,
				8843A4CB1A885EBA0036C241 /* main.m */,
				885B5AC61A89EFF3007FAC48 /* keys.plist */,
			);
			name = "Supporting Files";
			sourceTree = "<group>";
		};
		8843A4E21A885EBA0036C241 /* PlaceSearchTests */ = {
			isa = PBXGroup;
			children = (
				8843A4E51A885EBA0036C241 /* PlaceSearchTests.m */,
				8843A4E31A885EBA0036C241 /* Supporting Files */,
			);
			path = PlaceSearchTests;
			sourceTree = "<group>";
		};
		8843A4E31A885EBA0036C241 /* Supporting Files */ = {
			isa = PBXGroup;
			children = (
				8843A4E41A885EBA0036C241 /* Info.plist */,
			);
			name = "Supporting Files";
			sourceTree = "<group>";
		};
		8843A4EF1A885FDB0036C241 /* Controllers */ = {
			isa = PBXGroup;
			children = (
				8843A5011A8888310036C241 /* PlaceListViewController.h */,
				8843A5021A8888310036C241 /* PlaceListViewController.m */,
				885B5AD21A8A0024007FAC48 /* MapDisplayViewController.h */,
				885B5AD31A8A0024007FAC48 /* MapDisplayViewController.m */,
			);
			name = Controllers;
			sourceTree = "<group>";
		};
		8843A4F01A885FE30036C241 /* Views */ = {
			isa = PBXGroup;
			children = (
				8843A5361A888BA60036C241 /* PlaceListView.xib */,
			);
			name = Views;
			sourceTree = "<group>";
		};
		C895DA189C0DA9A62843DCB6 /* Pods */ = {
			isa = PBXGroup;
			children = (
				6A6E58D9186C661282CF8E76 /* Pods.debug.xcconfig */,
				3580C3BFC5486E4F3FE7F040 /* Pods.release.xcconfig */,
			);
			name = Pods;
			sourceTree = "<group>";
		};
/* End PBXGroup section */

/* Begin PBXNativeTarget section */
		8843A4C51A885EBA0036C241 /* PlaceSearch */ = {
			isa = PBXNativeTarget;
			buildConfigurationList = 8843A4E91A885EBA0036C241 /* Build configuration list for PBXNativeTarget "PlaceSearch" */;
			buildPhases = (
				4F420F621472D0DB7D992183 /* Check Pods Manifest.lock */,
				8843A4C21A885EBA0036C241 /* Sources */,
				8843A4C31A885EBA0036C241 /* Frameworks */,
				8843A4C41A885EBA0036C241 /* Resources */,
				59B90D53621D0C1938A69C5F /* Copy Pods Resources */,
			);
			buildRules = (
			);
			dependencies = (
			);
			name = PlaceSearch;
			productName = PlaceSearch;
			productReference = 8843A4C61A885EBA0036C241 /* PlaceSearch.app */;
			productType = "com.apple.product-type.application";
		};
		8843A4DE1A885EBA0036C241 /* PlaceSearchTests */ = {
			isa = PBXNativeTarget;
			buildConfigurationList = 8843A4EC1A885EBA0036C241 /* Build configuration list for PBXNativeTarget "PlaceSearchTests" */;
			buildPhases = (
				8843A4DB1A885EBA0036C241 /* Sources */,
				8843A4DC1A885EBA0036C241 /* Frameworks */,
				8843A4DD1A885EBA0036C241 /* Resources */,
			);
			buildRules = (
			);
			dependencies = (
				8843A4E11A885EBA0036C241 /* PBXTargetDependency */,
			);
			name = PlaceSearchTests;
			productName = PlaceSearchTests;
			productReference = 8843A4DF1A885EBA0036C241 /* PlaceSearchTests.xctest */;
			productType = "com.apple.product-type.bundle.unit-test";
		};
/* End PBXNativeTarget section */

/* Begin PBXProject section */
		8843A4BE1A885EBA0036C241 /* Project object */ = {
			isa = PBXProject;
			attributes = {
				LastUpgradeCheck = 0610;
				ORGANIZATIONNAME = "Braymon Ramirez";
				TargetAttributes = {
					8843A4C51A885EBA0036C241 = {
						CreatedOnToolsVersion = 6.1;
					};
					8843A4DE1A885EBA0036C241 = {
						CreatedOnToolsVersion = 6.1;
						TestTargetID = 8843A4C51A885EBA0036C241;
					};
				};
			};
			buildConfigurationList = 8843A4C11A885EBA0036C241 /* Build configuration list for PBXProject "PlaceSearch" */;
			compatibilityVersion = "Xcode 3.2";
			developmentRegion = English;
			hasScannedForEncodings = 0;
			knownRegions = (
				en,
				Base,
			);
			mainGroup = 8843A4BD1A885EBA0036C241;
			productRefGroup = 8843A4C71A885EBA0036C241 /* Products */;
			projectDirPath = "";
			projectRoot = "";
			targets = (
				8843A4C51A885EBA0036C241 /* PlaceSearch */,
				8843A4DE1A885EBA0036C241 /* PlaceSearchTests */,
			);
		};
/* End PBXProject section */

/* Begin PBXResourcesBuildPhase section */
		8843A4C41A885EBA0036C241 /* Resources */ = {
			isa = PBXResourcesBuildPhase;
			buildActionMask = 2147483647;
			files = (
				8843A4D51A885EBA0036C241 /* Main.storyboard in Resources */,
				8843A4DA1A885EBA0036C241 /* LaunchScreen.xib in Resources */,
				885B5AC71A89EFF3007FAC48 /* keys.plist in Resources */,
				8843A5371A888BA60036C241 /* PlaceListView.xib in Resources */,
				8843A4D71A885EBA0036C241 /* Images.xcassets in Resources */,
				885B5AAD1A89EA19007FAC48 /* GoogleMaps.bundle in Resources */,
			);
			runOnlyForDeploymentPostprocessing = 0;
		};
		8843A4DD1A885EBA0036C241 /* Resources */ = {
			isa = PBXResourcesBuildPhase;
			buildActionMask = 2147483647;
			files = (
			);
			runOnlyForDeploymentPostprocessing = 0;
		};
/* End PBXResourcesBuildPhase section */

/* Begin PBXShellScriptBuildPhase section */
		4F420F621472D0DB7D992183 /* Check Pods Manifest.lock */ = {
			isa = PBXShellScriptBuildPhase;
			buildActionMask = 2147483647;
			files = (
			);
			inputPaths = (
			);
			name = "Check Pods Manifest.lock";
			outputPaths = (
			);
			runOnlyForDeploymentPostprocessing = 0;
			shellPath = /bin/sh;
			shellScript = "diff \"${PODS_ROOT}/../Podfile.lock\" \"${PODS_ROOT}/Manifest.lock\" > /dev/null\nif [[ $? != 0 ]] ; then\n    cat << EOM\nerror: The sandbox is not in sync with the Podfile.lock. Run 'pod install' or update your CocoaPods installation.\nEOM\n    exit 1\nfi\n";
			showEnvVarsInLog = 0;
		};
		59B90D53621D0C1938A69C5F /* Copy Pods Resources */ = {
			isa = PBXShellScriptBuildPhase;
			buildActionMask = 2147483647;
			files = (
			);
			inputPaths = (
			);
			name = "Copy Pods Resources";
			outputPaths = (
			);
			runOnlyForDeploymentPostprocessing = 0;
			shellPath = /bin/sh;
			shellScript = "\"${SRCROOT}/Pods/Target Support Files/Pods/Pods-resources.sh\"\n";
			showEnvVarsInLog = 0;
		};
/* End PBXShellScriptBuildPhase section */

/* Begin PBXSourcesBuildPhase section */
		8843A4C21A885EBA0036C241 /* Sources */ = {
			isa = PBXSourcesBuildPhase;
			buildActionMask = 2147483647;
			files = (
				8843A5031A8888310036C241 /* PlaceListViewController.m in Sources */,
				8843A4D21A885EBA0036C241 /* ViewController.m in Sources */,
				8843A4CF1A885EBA0036C241 /* AppDelegate.m in Sources */,
				885B5AD41A8A0024007FAC48 /* MapDisplayViewController.m in Sources */,
				8843A4CC1A885EBA0036C241 /* main.m in Sources */,
			);
			runOnlyForDeploymentPostprocessing = 0;
		};
		8843A4DB1A885EBA0036C241 /* Sources */ = {
			isa = PBXSourcesBuildPhase;
			buildActionMask = 2147483647;
			files = (
				8843A4E61A885EBA0036C241 /* PlaceSearchTests.m in Sources */,
			);
			runOnlyForDeploymentPostprocessing = 0;
		};
/* End PBXSourcesBuildPhase section */

/* Begin PBXTargetDependency section */
		8843A4E11A885EBA0036C241 /* PBXTargetDependency */ = {
			isa = PBXTargetDependency;
			target = 8843A4C51A885EBA0036C241 /* PlaceSearch */;
			targetProxy = 8843A4E01A885EBA0036C241 /* PBXContainerItemProxy */;
		};
/* End PBXTargetDependency section */

/* Begin PBXVariantGroup section */
		8843A4D31A885EBA0036C241 /* Main.storyboard */ = {
			isa = PBXVariantGroup;
			children = (
				8843A4D41A885EBA0036C241 /* Base */,
			);
			name = Main.storyboard;
			sourceTree = "<group>";
		};
		8843A4D81A885EBA0036C241 /* LaunchScreen.xib */ = {
			isa = PBXVariantGroup;
			children = (
				8843A4D91A885EBA0036C241 /* Base */,
			);
			name = LaunchScreen.xib;
			sourceTree = "<group>";
		};
/* End PBXVariantGroup section */

/* Begin XCBuildConfiguration section */
		8843A4E71A885EBA0036C241 /* Debug */ = {
			isa = XCBuildConfiguration;
			buildSettings = {
				ALWAYS_SEARCH_USER_PATHS = NO;
				CLANG_CXX_LANGUAGE_STANDARD = "gnu++0x";
				CLANG_CXX_LIBRARY = "libc++";
				CLANG_ENABLE_MODULES = YES;
				CLANG_ENABLE_OBJC_ARC = YES;
				CLANG_WARN_BOOL_CONVERSION = YES;
				CLANG_WARN_CONSTANT_CONVERSION = YES;
				CLANG_WARN_DIRECT_OBJC_ISA_USAGE = YES_ERROR;
				CLANG_WARN_EMPTY_BODY = YES;
				CLANG_WARN_ENUM_CONVERSION = YES;
				CLANG_WARN_INT_CONVERSION = YES;
				CLANG_WARN_OBJC_ROOT_CLASS = YES_ERROR;
				CLANG_WARN_UNREACHABLE_CODE = YES;
				CLANG_WARN__DUPLICATE_METHOD_MATCH = YES;
				"CODE_SIGN_IDENTITY[sdk=iphoneos*]" = "iPhone Developer";
				COPY_PHASE_STRIP = NO;
				ENABLE_STRICT_OBJC_MSGSEND = YES;
				GCC_C_LANGUAGE_STANDARD = gnu99;
				GCC_DYNAMIC_NO_PIC = NO;
				GCC_OPTIMIZATION_LEVEL = 0;
				GCC_PREPROCESSOR_DEFINITIONS = (
					"DEBUG=1",
					"$(inherited)",
				);
				GCC_SYMBOLS_PRIVATE_EXTERN = NO;
				GCC_WARN_64_TO_32_BIT_CONVERSION = YES;
				GCC_WARN_ABOUT_RETURN_TYPE = YES_ERROR;
				GCC_WARN_UNDECLARED_SELECTOR = YES;
				GCC_WARN_UNINITIALIZED_AUTOS = YES_AGGRESSIVE;
				GCC_WARN_UNUSED_FUNCTION = YES;
				GCC_WARN_UNUSED_VARIABLE = YES;
				IPHONEOS_DEPLOYMENT_TARGET = 8.1;
				MTL_ENABLE_DEBUG_INFO = YES;
				ONLY_ACTIVE_ARCH = YES;
				SDKROOT = iphoneos;
				TARGETED_DEVICE_FAMILY = "1,2";
			};
			name = Debug;
		};
		8843A4E81A885EBA0036C241 /* Release */ = {
			isa = XCBuildConfiguration;
			buildSettings = {
				ALWAYS_SEARCH_USER_PATHS = NO;
				CLANG_CXX_LANGUAGE_STANDARD = "gnu++0x";
				CLANG_CXX_LIBRARY = "libc++";
				CLANG_ENABLE_MODULES = YES;
				CLANG_ENABLE_OBJC_ARC = YES;
				CLANG_WARN_BOOL_CONVERSION = YES;
				CLANG_WARN_CONSTANT_CONVERSION = YES;
				CLANG_WARN_DIRECT_OBJC_ISA_USAGE = YES_ERROR;
				CLANG_WARN_EMPTY_BODY = YES;
				CLANG_WARN_ENUM_CONVERSION = YES;
				CLANG_WARN_INT_CONVERSION = YES;
				CLANG_WARN_OBJC_ROOT_CLASS = YES_ERROR;
				CLANG_WARN_UNREACHABLE_CODE = YES;
				CLANG_WARN__DUPLICATE_METHOD_MATCH = YES;
				"CODE_SIGN_IDENTITY[sdk=iphoneos*]" = "iPhone Developer";
				COPY_PHASE_STRIP = YES;
				ENABLE_NS_ASSERTIONS = NO;
				ENABLE_STRICT_OBJC_MSGSEND = YES;
				GCC_C_LANGUAGE_STANDARD = gnu99;
				GCC_WARN_64_TO_32_BIT_CONVERSION = YES;
				GCC_WARN_ABOUT_RETURN_TYPE = YES_ERROR;
				GCC_WARN_UNDECLARED_SELECTOR = YES;
				GCC_WARN_UNINITIALIZED_AUTOS = YES_AGGRESSIVE;
				GCC_WARN_UNUSED_FUNCTION = YES;
				GCC_WARN_UNUSED_VARIABLE = YES;
				IPHONEOS_DEPLOYMENT_TARGET = 8.1;
				MTL_ENABLE_DEBUG_INFO = NO;
				SDKROOT = iphoneos;
				TARGETED_DEVICE_FAMILY = "1,2";
				VALIDATE_PRODUCT = YES;
			};
			name = Release;
		};
		8843A4EA1A885EBA0036C241 /* Debug */ = {
			isa = XCBuildConfiguration;
			baseConfigurationReference = 6A6E58D9186C661282CF8E76 /* Pods.debug.xcconfig */;
			buildSettings = {
				ASSETCATALOG_COMPILER_APPICON_NAME = AppIcon;
				FRAMEWORK_SEARCH_PATHS = (
					"$(inherited)",
					"$(PROJECT_DIR)",
				);
				INFOPLIST_FILE = PlaceSearch/Info.plist;
				LD_RUNPATH_SEARCH_PATHS = "$(inherited) @executable_path/Frameworks";
				PRODUCT_NAME = "$(TARGET_NAME)";
			};
			name = Debug;
		};
		8843A4EB1A885EBA0036C241 /* Release */ = {
			isa = XCBuildConfiguration;
			baseConfigurationReference = 3580C3BFC5486E4F3FE7F040 /* Pods.release.xcconfig */;
			buildSettings = {
				ASSETCATALOG_COMPILER_APPICON_NAME = AppIcon;
				FRAMEWORK_SEARCH_PATHS = (
					"$(inherited)",
					"$(PROJECT_DIR)",
				);
				INFOPLIST_FILE = PlaceSearch/Info.plist;
				LD_RUNPATH_SEARCH_PATHS = "$(inherited) @executable_path/Frameworks";
				PRODUCT_NAME = "$(TARGET_NAME)";
			};
			name = Release;
		};
		8843A4ED1A885EBA0036C241 /* Debug */ = {
			isa = XCBuildConfiguration;
			buildSettings = {
				BUNDLE_LOADER = "$(TEST_HOST)";
				FRAMEWORK_SEARCH_PATHS = (
					"$(SDKROOT)/Developer/Library/Frameworks",
					"$(inherited)",
				);
				GCC_PREPROCESSOR_DEFINITIONS = (
					"DEBUG=1",
					"$(inherited)",
				);
				INFOPLIST_FILE = PlaceSearchTests/Info.plist;
				LD_RUNPATH_SEARCH_PATHS = "$(inherited) @executable_path/Frameworks @loader_path/Frameworks";
				PRODUCT_NAME = "$(TARGET_NAME)";
				TEST_HOST = "$(BUILT_PRODUCTS_DIR)/PlaceSearch.app/PlaceSearch";
			};
			name = Debug;
		};
		8843A4EE1A885EBA0036C241 /* Release */ = {
			isa = XCBuildConfiguration;
			buildSettings = {
				BUNDLE_LOADER = "$(TEST_HOST)";
				FRAMEWORK_SEARCH_PATHS = (
					"$(SDKROOT)/Developer/Library/Frameworks",
					"$(inherited)",
				);
				INFOPLIST_FILE = PlaceSearchTests/Info.plist;
				LD_RUNPATH_SEARCH_PATHS = "$(inherited) @executable_path/Frameworks @loader_path/Frameworks";
				PRODUCT_NAME = "$(TARGET_NAME)";
				TEST_HOST = "$(BUILT_PRODUCTS_DIR)/PlaceSearch.app/PlaceSearch";
			};
			name = Release;
		};
/* End XCBuildConfiguration section */

/* Begin XCConfigurationList section */
		8843A4C11A885EBA0036C241 /* Build configuration list for PBXProject "PlaceSearch" */ = {
			isa = XCConfigurationList;
			buildConfigurations = (
				8843A4E71A885EBA0036C241 /* Debug */,
				8843A4E81A885EBA0036C241 /* Release */,
			);
			defaultConfigurationIsVisible = 0;
			defaultConfigurationName = Release;
		};
		8843A4E91A885EBA0036C241 /* Build configuration list for PBXNativeTarget "PlaceSearch" */ = {
			isa = XCConfigurationList;
			buildConfigurations = (
				8843A4EA1A885EBA0036C241 /* Debug */,
				8843A4EB1A885EBA0036C241 /* Release */,
			);
			defaultConfigurationIsVisible = 0;
			defaultConfigurationName = Release;
		};
		8843A4EC1A885EBA0036C241 /* Build configuration list for PBXNativeTarget "PlaceSearchTests" */ = {
			isa = XCConfigurationList;
			buildConfigurations = (
				8843A4ED1A885EBA0036C241 /* Debug */,
				8843A4EE1A885EBA0036C241 /* Release */,
			);
			defaultConfigurationIsVisible = 0;
			defaultConfigurationName = Release;
		};
/* End XCConfigurationList section */
	};
	rootObject = 8843A4BE1A885EBA0036C241 /* Project object */;
}
